
Microsoft Visual Studio Solution File, Format Version 12.00
# Visual Studio Version 16
VisualStudioVersion = 16.0.32510.428
MinimumVisualStudioVersion = 10.0.40219.1
Project("{FAE04EC0-301F-11D3-BF4B-00C04F79EFBC}") = "SinemaBufeSatis", "SinemaBufeSatis\SinemaBufeSatis.csproj", "{865236E9-3CBD-49EE-8731-F4611ABAB80B}"
EndProject
Global
	GlobalSection(SolutionConfigurationPlatforms) = preSolution
		Debug|Any CPU = Debug|Any CPU
		Release|Any CPU = Release|Any CPU
	EndGlobalSection
	GlobalSection(ProjectConfigurationPlatforms) = postSolution
		{865236E9-3CBD-49EE-8731-F4611ABAB80B}.Debug|Any CPU.ActiveCfg = Debug|Any CPU
		{865236E9-3CBD-49EE-8731-F4611ABAB80B}.Debug|Any CPU.Build.0 = Debug|Any CPU
		{865236E9-3CBD-49EE-8731-F4611ABAB80B}.Release|Any CPU.ActiveCfg = Release|Any CPU
		{865236E9-3CBD-49EE-8731-F4611ABAB80B}.Release|Any CPU.Build.0 = Release|Any CPU
	EndGlobalSection
	GlobalSection(SolutionProperties) = preSolution
		HideSolutionNode = FALSE
	EndGlobalSection
	GlobalSection(ExtensibilityGlobals) = postSolution
		SolutionGuid = {34440613-84AB-4A08-B3F1-B49247F748A9}
	EndGlobalSection
EndGlobal
